
Microsoft Visual Studio Solution File, Format Version 12.00
# Visual Studio Version 17
VisualStudioVersion = 17.13.35919.96 d17.13
MinimumVisualStudioVersion = 10.0.40219.1
Project("{FAE04EC0-301F-11D3-BF4B-00C04F79EFBC}") = "Wall-E Compiler", "Wall-E Compiler.csproj", "{6DB3FC33-DA30-4941-891F-6E5DF3E126DD}"
EndProject
Global
	GlobalSection(SolutionConfigurationPlatforms) = preSolution
		Debug|Any CPU = Debug|Any CPU
		Release|Any CPU = Release|Any CPU
	EndGlobalSection
	GlobalSection(ProjectConfigurationPlatforms) = postSolution
		{6DB3FC33-DA30-4941-891F-6E5DF3E126DD}.Debug|Any CPU.ActiveCfg = Debug|Any CPU
		{6DB3FC33-DA30-4941-891F-6E5DF3E126DD}.Debug|Any CPU.Build.0 = Debug|Any CPU
		{6DB3FC33-DA30-4941-891F-6E5DF3E126DD}.Release|Any CPU.ActiveCfg = Release|Any CPU
		{6DB3FC33-DA30-4941-891F-6E5DF3E126DD}.Release|Any CPU.Build.0 = Release|Any CPU
	EndGlobalSection
	GlobalSection(SolutionProperties) = preSolution
		HideSolutionNode = FALSE
	EndGlobalSection
	GlobalSection(ExtensibilityGlobals) = postSolution
		SolutionGuid = {20A450AB-D7BC-44CD-9D2B-157B1B8D5581}
	EndGlobalSection
EndGlobal
